
Microsoft Visual Studio Solution File, Format Version 12.00
# Visual Studio Version 16
VisualStudioVersion = 16.0.31729.503
MinimumVisualStudioVersion = 10.0.40219.1
Project("{FAE04EC0-301F-11D3-BF4B-00C04F79EFBC}") = "OffsetEditor", "OffsetEditor.csproj", "{39372F93-11F1-46F1-ACDC-FF7A2AE1D26C}"
EndProject
Global
	GlobalSection(SolutionConfigurationPlatforms) = preSolution
		Debug|Any CPU = Debug|Any CPU
		Release|Any CPU = Release|Any CPU
	EndGlobalSection
	GlobalSection(ProjectConfigurationPlatforms) = postSolution
		{39372F93-11F1-46F1-ACDC-FF7A2AE1D26C}.Debug|Any CPU.ActiveCfg = Debug|Any CPU
		{39372F93-11F1-46F1-ACDC-FF7A2AE1D26C}.Debug|Any CPU.Build.0 = Debug|Any CPU
		{39372F93-11F1-46F1-ACDC-FF7A2AE1D26C}.Release|Any CPU.ActiveCfg = Release|Any CPU
		{39372F93-11F1-46F1-ACDC-FF7A2AE1D26C}.Release|Any CPU.Build.0 = Release|Any CPU
	EndGlobalSection
	GlobalSection(SolutionProperties) = preSolution
		HideSolutionNode = FALSE
	EndGlobalSection
	GlobalSection(ExtensibilityGlobals) = postSolution
		SolutionGuid = {551F550E-31B6-4AE4-A8D6-645F637B605F}
	EndGlobalSection
EndGlobal
